{
  "version": 4,
  "terraform_version": "1.15.7",
  "serial": 6,
  "lineage": "d666fc9c-85ce-0bf2-4e32-f361b026c91c",
  "outputs": {
    "airflow_url": {
      "value": "http://104.155.212.128:8080",
      "type": "string"
    },
    "api_url": {
      "value": "http://104.155.212.128:8000",
      "type": "string"
    },
    "vm_ip": {
      "value": "104.155.212.128",
      "type": "string"
    }
  },
  "resources": [
    {
      "mode": "managed",
      "type": "google_compute_address",
      "name": "static_ip",
      "provider": "provider[\"registry.terraform.io/hashicorp/google\"]",
      "instances": [
        {
          "schema_version": 0,
          "attributes": {
            "address": "104.155.212.128",
            "address_type": "EXTERNAL",
            "creation_timestamp": "2026-07-10T20:16:02.605-07:00",
            "description": "",
            "effective_labels": {},
            "id": "projects/taiwan-stock-crawler-502102/regions/asia-east1/addresses/taiwan-stock-ip",
            "ip_version": "",
            "ipv6_endpoint_type": "",
            "label_fingerprint": "42WmSpB8rSM=",
            "labels": null,
            "name": "taiwan-stock-ip",
            "network": "",
            "network_tier": "PREMIUM",
            "prefix_length": 0,
            "project": "taiwan-stock-crawler-502102",
            "purpose": "",
            "region": "asia-east1",
            "self_link": "https://www.googleapis.com/compute/v1/projects/taiwan-stock-crawler-502102/regions/asia-east1/addresses/taiwan-stock-ip",
            "subnetwork": "",
            "terraform_labels": {},
            "timeouts": null,
            "users": []
          },
          "sensitive_attributes": [],
          "identity_schema_version": 0,
          "private": "eyJlMmJmYjczMC1lY2FhLTExZTYtOGY4OC0zNDM2M2JjN2M0YzAiOnsiY3JlYXRlIjoxMjAwMDAwMDAwMDAwLCJkZWxldGUiOjEyMDAwMDAwMDAwMDAsInVwZGF0ZSI6MTIwMDAwMDAwMDAwMH19"
        }
      ]
    },
    {
      "mode": "managed",
      "type": "google_compute_firewall",
      "name": "allow_ports",
      "provider": "provider[\"registry.terraform.io/hashicorp/google\"]",
      "instances": [
        {
          "schema_version": 1,
          "attributes": {
            "allow": [
              {
                "ports": [
                  "22",
                  "8000",
                  "8080",
                  "5555",
                  "8888",
                  "3306"
                ],
                "protocol": "tcp"
              }
            ],
            "creation_timestamp": "2026-07-10T20:16:22.887-07:00",
            "deny": [],
            "description": "",
            "destination_ranges": [],
            "direction": "INGRESS",
            "disabled": false,
            "enable_logging": null,
            "id": "projects/taiwan-stock-crawler-502102/global/firewalls/taiwan-stock-allow-ports",
            "log_config": [],
            "name": "taiwan-stock-allow-ports",
            "network": "https://www.googleapis.com/compute/v1/projects/taiwan-stock-crawler-502102/global/networks/taiwan-stock-vpc",
            "priority": 1000,
            "project": "taiwan-stock-crawler-502102",
            "self_link": "https://www.googleapis.com/compute/v1/projects/taiwan-stock-crawler-502102/global/firewalls/taiwan-stock-allow-ports",
            "source_ranges": [
              "0.0.0.0/0"
            ],
            "source_service_accounts": null,
            "source_tags": null,
            "target_service_accounts": null,
            "target_tags": null,
            "timeouts": null
          },
          "sensitive_attributes": [],
          "identity_schema_version": 0,
          "private": "eyJlMmJmYjczMC1lY2FhLTExZTYtOGY4OC0zNDM2M2JjN2M0YzAiOnsiY3JlYXRlIjoxMjAwMDAwMDAwMDAwLCJkZWxldGUiOjEyMDAwMDAwMDAwMDAsInVwZGF0ZSI6MTIwMDAwMDAwMDAwMH0sInNjaGVtYV92ZXJzaW9uIjoiMSJ9",
          "dependencies": [
            "google_compute_network.vpc"
          ]
        }
      ]
    },
    {
      "mode": "managed",
      "type": "google_compute_instance",
      "name": "vm",
      "provider": "provider[\"registry.terraform.io/hashicorp/google\"]",
      "instances": [
        {
          "schema_version": 6,
          "attributes": {
            "advanced_machine_features": [],
            "allow_stopping_for_update": null,
            "attached_disk": [],
            "boot_disk": [
              {
                "auto_delete": true,
                "device_name": "persistent-disk-0",
                "disk_encryption_key_raw": "",
                "disk_encryption_key_sha256": "",
                "initialize_params": [
                  {
                    "enable_confidential_compute": false,
                    "image": "https://www.googleapis.com/compute/v1/projects/debian-cloud/global/images/debian-12-bookworm-v20260609",
                    "labels": {},
                    "provisioned_iops": 0,
                    "provisioned_throughput": 0,
                    "resource_manager_tags": null,
                    "size": 50,
                    "storage_pool": "",
                    "type": "pd-standard"
                  }
                ],
                "kms_key_self_link": "",
                "mode": "READ_WRITE",
                "source": "https://www.googleapis.com/compute/v1/projects/taiwan-stock-crawler-502102/zones/asia-east1-b/disks/taiwan-stock-vm"
              }
            ],
            "can_ip_forward": false,
            "confidential_instance_config": [],
            "cpu_platform": "Intel Broadwell",
            "current_status": "RUNNING",
            "deletion_protection": false,
            "description": "",
            "desired_status": null,
            "effective_labels": {},
            "enable_display": false,
            "guest_accelerator": [],
            "hostname": "",
            "id": "projects/taiwan-stock-crawler-502102/zones/asia-east1-b/instances/taiwan-stock-vm",
            "instance_id": "5786915255493593929",
            "label_fingerprint": "42WmSpB8rSM=",
            "labels": null,
            "machine_type": "e2-standard-4",
            "metadata": null,
            "metadata_fingerprint": "J-rmNjTi4vI=",
            "metadata_startup_script": "#!/bin/bash\napt-get update\napt-get install -y docker.io docker-compose git\n\nsystemctl start docker\nsystemctl enable docker\n\ngit clone https://github.com/Brady-Huang/taiwan_stock_crawler.git /app\ncd /app\n\ncat \u003e .env \u003c\u003c 'EOF'\nMYSQL_USER=root\nMYSQL_PASSWORD=taiwan_stock_password\nMYSQL_DB=taiwan_stock\nREDIS_DB=0\nEOF\n\ndocker-compose up -d",
            "min_cpu_platform": "",
            "name": "taiwan-stock-vm",
            "network_interface": [
              {
                "access_config": [
                  {
                    "nat_ip": "104.155.212.128",
                    "network_tier": "PREMIUM",
                    "public_ptr_domain_name": ""
                  }
                ],
                "alias_ip_range": [],
                "internal_ipv6_prefix_length": 0,
                "ipv6_access_config": [],
                "ipv6_access_type": "",
                "ipv6_address": "",
                "name": "nic0",
                "network": "https://www.googleapis.com/compute/v1/projects/taiwan-stock-crawler-502102/global/networks/taiwan-stock-vpc",
                "network_ip": "10.0.0.2",
                "nic_type": "",
                "queue_count": 0,
                "stack_type": "IPV4_ONLY",
                "subnetwork": "https://www.googleapis.com/compute/v1/projects/taiwan-stock-crawler-502102/regions/asia-east1/subnetworks/taiwan-stock-subnet",
                "subnetwork_project": "taiwan-stock-crawler-502102"
              }
            ],
            "network_performance_config": [],
            "params": [],
            "project": "taiwan-stock-crawler-502102",
            "reservation_affinity": [],
            "resource_policies": null,
            "scheduling": [
              {
                "automatic_restart": true,
                "instance_termination_action": "",
                "local_ssd_recovery_timeout": [],
                "max_run_duration": [],
                "min_node_cpus": 0,
                "node_affinities": [],
                "on_host_maintenance": "MIGRATE",
                "on_instance_stop_action": [],
                "preemptible": false,
                "provisioning_model": "STANDARD"
              }
            ],
            "scratch_disk": [],
            "self_link": "https://www.googleapis.com/compute/v1/projects/taiwan-stock-crawler-502102/zones/asia-east1-b/instances/taiwan-stock-vm",
            "service_account": [],
            "shielded_instance_config": [
              {
                "enable_integrity_monitoring": true,
                "enable_secure_boot": false,
                "enable_vtpm": true
              }
            ],
            "tags": [
              "taiwan-stock"
            ],
            "tags_fingerprint": "r4atV7EtQd8=",
            "terraform_labels": {},
            "timeouts": null,
            "zone": "asia-east1-b"
          },
          "sensitive_attributes": [
            [
              {
                "type": "get_attr",
                "value": "boot_disk"
              },
              {
                "type": "index",
                "value": {
                  "value": 0,
                  "type": "number"
                }
              },
              {
                "type": "get_attr",
                "value": "disk_encryption_key_raw"
              }
            ]
          ],
          "identity_schema_version": 0,
          "private": "eyJlMmJmYjczMC1lY2FhLTExZTYtOGY4OC0zNDM2M2JjN2M0YzAiOnsiY3JlYXRlIjoxMjAwMDAwMDAwMDAwLCJkZWxldGUiOjEyMDAwMDAwMDAwMDAsInVwZGF0ZSI6MTIwMDAwMDAwMDAwMH0sInNjaGVtYV92ZXJzaW9uIjoiNiJ9",
          "dependencies": [
            "google_compute_address.static_ip",
            "google_compute_network.vpc",
            "google_compute_subnetwork.subnet"
          ]
        }
      ]
    },
    {
      "mode": "managed",
      "type": "google_compute_network",
      "name": "vpc",
      "provider": "provider[\"registry.terraform.io/hashicorp/google\"]",
      "instances": [
        {
          "schema_version": 0,
          "attributes": {
            "auto_create_subnetworks": false,
            "delete_default_routes_on_create": false,
            "description": "",
            "enable_ula_internal_ipv6": false,
            "gateway_ipv4": "",
            "id": "projects/taiwan-stock-crawler-502102/global/networks/taiwan-stock-vpc",
            "internal_ipv6_range": "",
            "mtu": 0,
            "name": "taiwan-stock-vpc",
            "network_firewall_policy_enforcement_order": "AFTER_CLASSIC_FIREWALL",
            "numeric_id": "7227111776611732352",
            "project": "taiwan-stock-crawler-502102",
            "routing_mode": "REGIONAL",
            "self_link": "https://www.googleapis.com/compute/v1/projects/taiwan-stock-crawler-502102/global/networks/taiwan-stock-vpc",
            "timeouts": null
          },
          "sensitive_attributes": [],
          "identity_schema_version": 0,
          "private": "eyJlMmJmYjczMC1lY2FhLTExZTYtOGY4OC0zNDM2M2JjN2M0YzAiOnsiY3JlYXRlIjoxMjAwMDAwMDAwMDAwLCJkZWxldGUiOjEyMDAwMDAwMDAwMDAsInVwZGF0ZSI6MTIwMDAwMDAwMDAwMH19"
        }
      ]
    },
    {
      "mode": "managed",
      "type": "google_compute_subnetwork",
      "name": "subnet",
      "provider": "provider[\"registry.terraform.io/hashicorp/google\"]",
      "instances": [
        {
          "schema_version": 0,
          "attributes": {
            "creation_timestamp": "2026-07-10T20:16:22.336-07:00",
            "description": "",
            "external_ipv6_prefix": "",
            "fingerprint": null,
            "gateway_address": "10.0.0.1",
            "id": "projects/taiwan-stock-crawler-502102/regions/asia-east1/subnetworks/taiwan-stock-subnet",
            "internal_ipv6_prefix": "",
            "ip_cidr_range": "10.0.0.0/24",
            "ipv6_access_type": "",
            "ipv6_cidr_range": "",
            "log_config": [],
            "name": "taiwan-stock-subnet",
            "network": "https://www.googleapis.com/compute/v1/projects/taiwan-stock-crawler-502102/global/networks/taiwan-stock-vpc",
            "private_ip_google_access": false,
            "private_ipv6_google_access": "DISABLE_GOOGLE_ACCESS",
            "project": "taiwan-stock-crawler-502102",
            "purpose": "PRIVATE",
            "region": "asia-east1",
            "role": "",
            "secondary_ip_range": [],
            "self_link": "https://www.googleapis.com/compute/v1/projects/taiwan-stock-crawler-502102/regions/asia-east1/subnetworks/taiwan-stock-subnet",
            "send_secondary_ip_range_if_empty": null,
            "stack_type": "IPV4_ONLY",
            "timeouts": null
          },
          "sensitive_attributes": [],
          "identity_schema_version": 0,
          "private": "eyJlMmJmYjczMC1lY2FhLTExZTYtOGY4OC0zNDM2M2JjN2M0YzAiOnsiY3JlYXRlIjoxMjAwMDAwMDAwMDAwLCJkZWxldGUiOjEyMDAwMDAwMDAwMDAsInVwZGF0ZSI6MTIwMDAwMDAwMDAwMH19",
          "dependencies": [
            "google_compute_network.vpc"
          ]
        }
      ]
    }
  ],
  "check_results": null
}
